
Microsoft Visual Studio Solution File, Format Version 12.00
# Visual Studio Version 17
VisualStudioVersion = 17.10.35004.147
MinimumVisualStudioVersion = 10.0.40219.1
Project("{9A19103F-16F7-4668-BE54-9A1E7A4F7556}") = "CarRental", "CarRental.csproj", "{93A48C6C-3CDF-47C7-9944-B8B72E59E81C}"
EndProject
Project("{FAE04EC0-301F-11D3-BF4B-00C04F79EFBC}") = "CarRental.DL", "..\CarRental.DL\CarRental.DL.csproj", "{72181C71-AAF3-4608-8AC7-E969E46D688C}"
EndProject
Project("{FAE04EC0-301F-11D3-BF4B-00C04F79EFBC}") = "CarRental.BL", "..\CarRental.BL\CarRental.BL.csproj", "{E92315A2-71FA-4B58-B0DA-976C6AA0BE31}"
EndProject
Global
	GlobalSection(SolutionConfigurationPlatforms) = preSolution
		Debug|Any CPU = Debug|Any CPU
		Release|Any CPU = Release|Any CPU
	EndGlobalSection
	GlobalSection(ProjectConfigurationPlatforms) = postSolution
		{93A48C6C-3CDF-47C7-9944-B8B72E59E81C}.Debug|Any CPU.ActiveCfg = Debug|Any CPU
		{93A48C6C-3CDF-47C7-9944-B8B72E59E81C}.Debug|Any CPU.Build.0 = Debug|Any CPU
		{93A48C6C-3CDF-47C7-9944-B8B72E59E81C}.Release|Any CPU.ActiveCfg = Release|Any CPU
		{93A48C6C-3CDF-47C7-9944-B8B72E59E81C}.Release|Any CPU.Build.0 = Release|Any CPU
		{72181C71-AAF3-4608-8AC7-E969E46D688C}.Debug|Any CPU.ActiveCfg = Debug|Any CPU
		{72181C71-AAF3-4608-8AC7-E969E46D688C}.Debug|Any CPU.Build.0 = Debug|Any CPU
		{72181C71-AAF3-4608-8AC7-E969E46D688C}.Release|Any CPU.ActiveCfg = Release|Any CPU
		{72181C71-AAF3-4608-8AC7-E969E46D688C}.Release|Any CPU.Build.0 = Release|Any CPU
		{E92315A2-71FA-4B58-B0DA-976C6AA0BE31}.Debug|Any CPU.ActiveCfg = Debug|Any CPU
		{E92315A2-71FA-4B58-B0DA-976C6AA0BE31}.Debug|Any CPU.Build.0 = Debug|Any CPU
		{E92315A2-71FA-4B58-B0DA-976C6AA0BE31}.Release|Any CPU.ActiveCfg = Release|Any CPU
		{E92315A2-71FA-4B58-B0DA-976C6AA0BE31}.Release|Any CPU.Build.0 = Release|Any CPU
	EndGlobalSection
	GlobalSection(SolutionProperties) = preSolution
		HideSolutionNode = FALSE
	EndGlobalSection
	GlobalSection(ExtensibilityGlobals) = postSolution
		SolutionGuid = {9EB7A3DA-D413-4053-AB57-051357AE7ED3}
	EndGlobalSection
EndGlobal
